{
  "name": "code",
  "lockfileVersion": 2,
  "requires": true,
  "packages": {
    "": {
      "dependencies": {
        "es6-module-loader": "^0.17.11"
      }
    },
    "node_modules/es6-module-loader": {
      "version": "0.17.11",
      "resolved": "https://registry.npmjs.org/es6-module-loader/-/es6-module-loader-0.17.11.tgz",
      "integrity": "sha512-6u2nrCQQ0fg7llO02vHAg8MZSxE+Y+fjy+9906ICIR5qaZLUlx7CePFvEJf1Fz7CnUUkKDt7woYtYTYpy9jVQQ==",
      "deprecated": "This project has been deprecated for \"npm install es-module-loader\" based on the newer loader spec.",
      "dependencies": {
        "when": "^3.7.2"
      },
      "engines": {
        "node": ">=0.8.0"
      }
    },
    "node_modules/when": {
      "version": "3.7.8",
      "resolved": "https://registry.npmjs.org/when/-/when-3.7.8.tgz",
      "integrity": "sha512-5cZ7mecD3eYcMiCH4wtRPA5iFJZ50BJYDfckI5RRpQiktMiYTcn0ccLTZOvcbBume+1304fQztxeNzNS9Gvrnw=="
    }
  },
  "dependencies": {
    "es6-module-loader": {
      "version": "0.17.11",
      "resolved": "https://registry.npmjs.org/es6-module-loader/-/es6-module-loader-0.17.11.tgz",
      "integrity": "sha512-6u2nrCQQ0fg7llO02vHAg8MZSxE+Y+fjy+9906ICIR5qaZLUlx7CePFvEJf1Fz7CnUUkKDt7woYtYTYpy9jVQQ==",
      "requires": {
        "when": "^3.7.2"
      }
    },
    "when": {
      "version": "3.7.8",
      "resolved": "https://registry.npmjs.org/when/-/when-3.7.8.tgz",
      "integrity": "sha512-5cZ7mecD3eYcMiCH4wtRPA5iFJZ50BJYDfckI5RRpQiktMiYTcn0ccLTZOvcbBume+1304fQztxeNzNS9Gvrnw=="
    }
  }
}
